
Microsoft Visual Studio Solution File, Format Version 12.00
# Visual Studio Version 16
VisualStudioVersion = 16.0.31410.357
MinimumVisualStudioVersion = 10.0.40219.1
Project("{FAE04EC0-301F-11D3-BF4B-00C04F79EFBC}") = "MvcMovie", "MvcMovie\MvcMovie.csproj", "{EB372D98-A7D8-4CA2-AAF6-F49E6A32F4D2}"
EndProject
Global
	GlobalSection(SolutionConfigurationPlatforms) = preSolution
		Debug|Any CPU = Debug|Any CPU
		Release|Any CPU = Release|Any CPU
	EndGlobalSection
	GlobalSection(ProjectConfigurationPlatforms) = postSolution
		{EB372D98-A7D8-4CA2-AAF6-F49E6A32F4D2}.Debug|Any CPU.ActiveCfg = Debug|Any CPU
		{EB372D98-A7D8-4CA2-AAF6-F49E6A32F4D2}.Debug|Any CPU.Build.0 = Debug|Any CPU
		{EB372D98-A7D8-4CA2-AAF6-F49E6A32F4D2}.Release|Any CPU.ActiveCfg = Release|Any CPU
		{EB372D98-A7D8-4CA2-AAF6-F49E6A32F4D2}.Release|Any CPU.Build.0 = Release|Any CPU
	EndGlobalSection
	GlobalSection(SolutionProperties) = preSolution
		HideSolutionNode = FALSE
	EndGlobalSection
	GlobalSection(ExtensibilityGlobals) = postSolution
		SolutionGuid = {15180434-DDCA-474C-B7C7-DBF49CD467C6}
	EndGlobalSection
EndGlobal
